
Microsoft Visual Studio Solution File, Format Version 12.00
# Visual Studio Version 17
VisualStudioVersion = 17.1.32421.90
MinimumVisualStudioVersion = 10.0.40219.1
Project("{9A19103F-16F7-4668-BE54-9A1E7A4F7556}") = "ZeroShanten", "ZeroShanten\src\ZeroShanten.csproj", "{D6F656E5-4491-4E49-9719-59B0E9242824}"
EndProject
Project("{9A19103F-16F7-4668-BE54-9A1E7A4F7556}") = "ZeroShanten.SourceGeneration", "ZeroShanten.SourceGeneration\src\ZeroShanten.SourceGeneration.csproj", "{1CCEBCDD-6F60-436E-AB62-805829EC3B5E}"
EndProject
Global
	GlobalSection(SolutionConfigurationPlatforms) = preSolution
		Debug|Any CPU = Debug|Any CPU
		Release|Any CPU = Release|Any CPU
	EndGlobalSection
	GlobalSection(ProjectConfigurationPlatforms) = postSolution
		{D6F656E5-4491-4E49-9719-59B0E9242824}.Debug|Any CPU.ActiveCfg = Debug|Any CPU
		{D6F656E5-4491-4E49-9719-59B0E9242824}.Debug|Any CPU.Build.0 = Debug|Any CPU
		{D6F656E5-4491-4E49-9719-59B0E9242824}.Release|Any CPU.ActiveCfg = Release|Any CPU
		{D6F656E5-4491-4E49-9719-59B0E9242824}.Release|Any CPU.Build.0 = Release|Any CPU
		{1CCEBCDD-6F60-436E-AB62-805829EC3B5E}.Debug|Any CPU.ActiveCfg = Debug|Any CPU
		{1CCEBCDD-6F60-436E-AB62-805829EC3B5E}.Debug|Any CPU.Build.0 = Debug|Any CPU
		{1CCEBCDD-6F60-436E-AB62-805829EC3B5E}.Release|Any CPU.ActiveCfg = Release|Any CPU
		{1CCEBCDD-6F60-436E-AB62-805829EC3B5E}.Release|Any CPU.Build.0 = Release|Any CPU
	EndGlobalSection
	GlobalSection(SolutionProperties) = preSolution
		HideSolutionNode = FALSE
	EndGlobalSection
	GlobalSection(ExtensibilityGlobals) = postSolution
		SolutionGuid = {BD458746-C3E7-4589-BBD6-CAAC7EC059F3}
	EndGlobalSection
EndGlobal
